// !$*UTF8*$!
{
	archiveVersion = 1;
	classes = {
	};
	objectVersion = 48;
	objects = {

/* Begin PBXBuildFile section */
		38C492571F783FE6008145E1 /* MidiHelper.swift in Sources */ = {isa = PBXBuildFile; fileRef = 38C492561F783FE6008145E1 /* MidiHelper.swift */; };
		38E0299F1F75ABF10068F171 /* AppDelegate.swift in Sources */ = {isa = PBXBuildFile; fileRef = 38E0299E1F75ABF10068F171 /* AppDelegate.swift */; };
		38E029A11F75ABF10068F171 /* ViewController.swift in Sources */ = {isa = PBXBuildFile; fileRef = 38E029A01F75ABF10068F171 /* ViewController.swift */; };
		38E029A31F75ABF10068F171 /* Assets.xcassets in Resources */ = {isa = PBXBuildFile; fileRef = 38E029A21F75ABF10068F171 /* Assets.xcassets */; };
		38E029A61F75ABF10068F171 /* Main.storyboard in Resources */ = {isa = PBXBuildFile; fileRef = 38E029A41F75ABF10068F171 /* Main.storyboard */; };
		38E029B01F75AC120068F171 /* CoreMIDI.framework in Frameworks */ = {isa = PBXBuildFile; fileRef = 38E029AF1F75AC120068F171 /* CoreMIDI.framework */; };
/* End PBXBuildFile section */

/* Begin PBXFileReference section */
		38C492561F783FE6008145E1 /* MidiHelper.swift */ = {isa = PBXFileReference; lastKnownFileType = sourcecode.swift; path = MidiHelper.swift; sourceTree = "<group>"; };
		38E0299B1F75ABF10068F171 /* BlindMIDI.app */ = {isa = PBXFileReference; explicitFileType = wrapper.application; includeInIndex = 0; path = BlindMIDI.app; sourceTree = BUILT_PRODUCTS_DIR; };
		38E0299E1F75ABF10068F171 /* AppDelegate.swift */ = {isa = PBXFileReference; lastKnownFileType = sourcecode.swift; path = AppDelegate.swift; sourceTree = "<group>"; };
		38E029A01F75ABF10068F171 /* ViewController.swift */ = {isa = PBXFileReference; lastKnownFileType = sourcecode.swift; path = ViewController.swift; sourceTree = "<group>"; };
		38E029A21F75ABF10068F171 /* Assets.xcassets */ = {isa = PBXFileReference; lastKnownFileType = folder.assetcatalog; path = Assets.xcassets; sourceTree = "<group>"; };
		38E029A51F75ABF10068F171 /* Base */ = {isa = PBXFileReference; lastKnownFileType = file.storyboard; name = Base; path = Base.lproj/Main.storyboard; sourceTree = "<group>"; };
		38E029A71F75ABF10068F171 /* Info.plist */ = {isa = PBXFileReference; lastKnownFileType = text.plist.xml; path = Info.plist; sourceTree = "<group>"; };
		38E029A81F75ABF10068F171 /* Blind.entitlements */ = {isa = PBXFileReference; lastKnownFileType = text.plist.entitlements; path = Blind.entitlements; sourceTree = "<group>"; };
		38E029AF1F75AC120068F171 /* CoreMIDI.framework */ = {isa = PBXFileReference; lastKnownFileType = wrapper.framework; name = CoreMIDI.framework; path = System/Library/Frameworks/CoreMIDI.framework; sourceTree = SDKROOT; };
/* End PBXFileReference section */

/* Begin PBXFrameworksBuildPhase section */
		38E029981F75ABF10068F171 /* Frameworks */ = {
			isa = PBXFrameworksBuildPhase;
			buildActionMask = 2147483647;
			files = (
				38E029B01F75AC120068F171 /* CoreMIDI.framework in Frameworks */,
			);
			runOnlyForDeploymentPostprocessing = 0;
		};
/* End PBXFrameworksBuildPhase section */

/* Begin PBXGroup section */
		38E029921F75ABF10068F171 = {
			isa = PBXGroup;
			children = (
				38E0299D1F75ABF10068F171 /* Blind */,
				38E0299C1F75ABF10068F171 /* Products */,
				38E029AE1F75AC120068F171 /* Frameworks */,
			);
			sourceTree = "<group>";
		};
		38E0299C1F75ABF10068F171 /* Products */ = {
			isa = PBXGroup;
			children = (
				38E0299B1F75ABF10068F171 /* BlindMIDI.app */,
			);
			name = Products;
			sourceTree = "<group>";
		};
		38E0299D1F75ABF10068F171 /* Blind */ = {
			isa = PBXGroup;
			children = (
				38E0299E1F75ABF10068F171 /* AppDelegate.swift */,
				38C492561F783FE6008145E1 /* MidiHelper.swift */,
				38E029A01F75ABF10068F171 /* ViewController.swift */,
				38E029A21F75ABF10068F171 /* Assets.xcassets */,
				38E029A41F75ABF10068F171 /* Main.storyboard */,
				38E029A71F75ABF10068F171 /* Info.plist */,
				38E029A81F75ABF10068F171 /* Blind.entitlements */,
			);
			path = Blind;
			sourceTree = "<group>";
		};
		38E029AE1F75AC120068F171 /* Frameworks */ = {
			isa = PBXGroup;
			children = (
				38E029AF1F75AC120068F171 /* CoreMIDI.framework */,
			);
			name = Frameworks;
			sourceTree = "<group>";
		};
/* End PBXGroup section */

/* Begin PBXNativeTarget section */
		38E0299A1F75ABF10068F171 /* BlindMIDI */ = {
			isa = PBXNativeTarget;
			buildConfigurationList = 38E029AB1F75ABF10068F171 /* Build configuration list for PBXNativeTarget "BlindMIDI" */;
			buildPhases = (
				38E029971F75ABF10068F171 /* Sources */,
				38E029981F75ABF10068F171 /* Frameworks */,
				38E029991F75ABF10068F171 /* Resources */,
			);
			buildRules = (
			);
			dependencies = (
			);
			name = BlindMIDI;
			productName = Blind;
			productReference = 38E0299B1F75ABF10068F171 /* BlindMIDI.app */;
			productType = "com.apple.product-type.application";
		};
/* End PBXNativeTarget section */

/* Begin PBXProject section */
		38E029931F75ABF10068F171 /* Project object */ = {
			isa = PBXProject;
			attributes = {
				LastSwiftUpdateCheck = 0900;
				LastUpgradeCheck = 0900;
				ORGANIZATIONNAME = minimal.be;
				TargetAttributes = {
					38E0299A1F75ABF10068F171 = {
						CreatedOnToolsVersion = 9.0;
						ProvisioningStyle = Automatic;
					};
				};
			};
			buildConfigurationList = 38E029961F75ABF10068F171 /* Build configuration list for PBXProject "Blind" */;
			compatibilityVersion = "Xcode 8.0";
			developmentRegion = en;
			hasScannedForEncodings = 0;
			knownRegions = (
				en,
				Base,
			);
			mainGroup = 38E029921F75ABF10068F171;
			productRefGroup = 38E0299C1F75ABF10068F171 /* Products */;
			projectDirPath = "";
			projectRoot = "";
			targets = (
				38E0299A1F75ABF10068F171 /* BlindMIDI */,
			);
		};
/* End PBXProject section */

/* Begin PBXResourcesBuildPhase section */
		38E029991F75ABF10068F171 /* Resources */ = {
			isa = PBXResourcesBuildPhase;
			buildActionMask = 2147483647;
			files = (
				38E029A31F75ABF10068F171 /* Assets.xcassets in Resources */,
				38E029A61F75ABF10068F171 /* Main.storyboard in Resources */,
			);
			runOnlyForDeploymentPostprocessing = 0;
		};
/* End PBXResourcesBuildPhase section */

/* Begin PBXSourcesBuildPhase section */
		38E029971F75ABF10068F171 /* Sources */ = {
			isa = PBXSourcesBuildPhase;
			buildActionMask = 2147483647;
			files = (
				38E029A11F75ABF10068F171 /* ViewController.swift in Sources */,
				38E0299F1F75ABF10068F171 /* AppDelegate.swift in Sources */,
				38C492571F783FE6008145E1 /* MidiHelper.swift in Sources */,
			);
			runOnlyForDeploymentPostprocessing = 0;
		};
/* End PBXSourcesBuildPhase section */

/* Begin PBXVariantGroup section */
		38E029A41F75ABF10068F171 /* Main.storyboard */ = {
			isa = PBXVariantGroup;
			children = (
				38E029A51F75ABF10068F171 /* Base */,
			);
			name = Main.storyboard;
			sourceTree = "<group>";
		};
/* End PBXVariantGroup section */

/* Begin XCBuildConfiguration section */
		38E029A91F75ABF10068F171 /* Debug */ = {
			isa = XCBuildConfiguration;
			buildSettings = {
				ALWAYS_SEARCH_USER_PATHS = NO;
				CLANG_ANALYZER_NONNULL = YES;
				CLANG_ANALYZER_NUMBER_OBJECT_CONVERSION = YES_AGGRESSIVE;
				CLANG_CXX_LANGUAGE_STANDARD = "gnu++14";
				CLANG_CXX_LIBRARY = "libc++";
				CLANG_ENABLE_MODULES = YES;
				CLANG_ENABLE_OBJC_ARC = YES;
				CLANG_WARN_BLOCK_CAPTURE_AUTORELEASING = YES;
				CLANG_WARN_BOOL_CONVERSION = YES;
				CLANG_WARN_COMMA = YES;
				CLANG_WARN_CONSTANT_CONVERSION = YES;
				CLANG_WARN_DIRECT_OBJC_ISA_USAGE = YES_ERROR;
				CLANG_WARN_DOCUMENTATION_COMMENTS = YES;
				CLANG_WARN_EMPTY_BODY = YES;
				CLANG_WARN_ENUM_CONVERSION = YES;
				CLANG_WARN_INFINITE_RECURSION = YES;
				CLANG_WARN_INT_CONVERSION = YES;
				CLANG_WARN_NON_LITERAL_NULL_CONVERSION = YES;
				CLANG_WARN_OBJC_LITERAL_CONVERSION = YES;
				CLANG_WARN_OBJC_ROOT_CLASS = YES_ERROR;
				CLANG_WARN_RANGE_LOOP_ANALYSIS = YES;
				CLANG_WARN_STRICT_PROTOTYPES = YES;
				CLANG_WARN_SUSPICIOUS_MOVE = YES;
				CLANG_WARN_UNGUARDED_AVAILABILITY = YES_AGGRESSIVE;
				CLANG_WARN_UNREACHABLE_CODE = YES;
				CLANG_WARN__DUPLICATE_METHOD_MATCH = YES;
				CODE_SIGN_IDENTITY = "Mac Developer";
				COPY_PHASE_STRIP = NO;
				DEBUG_INFORMATION_FORMAT = dwarf;
				ENABLE_STRICT_OBJC_MSGSEND = YES;
				ENABLE_TESTABILITY = YES;
				GCC_C_LANGUAGE_STANDARD = gnu11;
				GCC_DYNAMIC_NO_PIC = NO;
				GCC_NO_COMMON_BLOCKS = YES;
				GCC_OPTIMIZATION_LEVEL = 0;
				GCC_PREPROCESSOR_DEFINITIONS = (
					"DEBUG=1",
					"$(inherited)",
				);
				GCC_WARN_64_TO_32_BIT_CONVERSION = YES;
				GCC_WARN_ABOUT_RETURN_TYPE = YES_ERROR;
				GCC_WARN_UNDECLARED_SELECTOR = YES;
				GCC_WARN_UNINITIALIZED_AUTOS = YES_AGGRESSIVE;
				GCC_WARN_UNUSED_FUNCTION = YES;
				GCC_WARN_UNUSED_VARIABLE = YES;
				MACOSX_DEPLOYMENT_TARGET = 10.10;
				MTL_ENABLE_DEBUG_INFO = YES;
				ONLY_ACTIVE_ARCH = YES;
				SDKROOT = macosx;
				SWIFT_ACTIVE_COMPILATION_CONDITIONS = DEBUG;
				SWIFT_OPTIMIZATION_LEVEL = "-Onone";
			};
			name = Debug;
		};
		38E029AA1F75ABF10068F171 /* Release */ = {
			isa = XCBuildConfiguration;
			buildSettings = {
				ALWAYS_SEARCH_USER_PATHS = NO;
				CLANG_ANALYZER_NONNULL = YES;
				CLANG_ANALYZER_NUMBER_OBJECT_CONVERSION = YES_AGGRESSIVE;
				CLANG_CXX_LANGUAGE_STANDARD = "gnu++14";
				CLANG_CXX_LIBRARY = "libc++";
				CLANG_ENABLE_MODULES = YES;
				CLANG_ENABLE_OBJC_ARC = YES;
				CLANG_WARN_BLOCK_CAPTURE_AUTORELEASING = YES;
				CLANG_WARN_BOOL_CONVERSION = YES;
				CLANG_WARN_COMMA = YES;
				CLANG_WARN_CONSTANT_CONVERSION = YES;
				CLANG_WARN_DIRECT_OBJC_ISA_USAGE = YES_ERROR;
				CLANG_WARN_DOCUMENTATION_COMMENTS = YES;
				CLANG_WARN_EMPTY_BODY = YES;
				CLANG_WARN_ENUM_CONVERSION = YES;
				CLANG_WARN_INFINITE_RECURSION = YES;
				CLANG_WARN_INT_CONVERSION = YES;
				CLANG_WARN_NON_LITERAL_NULL_CONVERSION = YES;
				CLANG_WARN_OBJC_LITERAL_CONVERSION = YES;
				CLANG_WARN_OBJC_ROOT_CLASS = YES_ERROR;
				CLANG_WARN_RANGE_LOOP_ANALYSIS = YES;
				CLANG_WARN_STRICT_PROTOTYPES = YES;
				CLANG_WARN_SUSPICIOUS_MOVE = YES;
				CLANG_WARN_UNGUARDED_AVAILABILITY = YES_AGGRESSIVE;
				CLANG_WARN_UNREACHABLE_CODE = YES;
				CLANG_WARN__DUPLICATE_METHOD_MATCH = YES;
				CODE_SIGN_IDENTITY = "Mac Developer";
				COPY_PHASE_STRIP = NO;
				DEBUG_INFORMATION_FORMAT = "dwarf-with-dsym";
				ENABLE_NS_ASSERTIONS = NO;
				ENABLE_STRICT_OBJC_MSGSEND = YES;
				GCC_C_LANGUAGE_STANDARD = gnu11;
				GCC_NO_COMMON_BLOCKS = YES;
				GCC_WARN_64_TO_32_BIT_CONVERSION = YES;
				GCC_WARN_ABOUT_RETURN_TYPE = YES_ERROR;
				GCC_WARN_UNDECLARED_SELECTOR = YES;
				GCC_WARN_UNINITIALIZED_AUTOS = YES_AGGRESSIVE;
				GCC_WARN_UNUSED_FUNCTION = YES;
				GCC_WARN_UNUSED_VARIABLE = YES;
				MACOSX_DEPLOYMENT_TARGET = 10.10;
				MTL_ENABLE_DEBUG_INFO = NO;
				SDKROOT = macosx;
				SWIFT_OPTIMIZATION_LEVEL = "-Owholemodule";
			};
			name = Release;
		};
		38E029AC1F75ABF10068F171 /* Debug */ = {
			isa = XCBuildConfiguration;
			buildSettings = {
				ASSETCATALOG_COMPILER_APPICON_NAME = AppIcon;
				CODE_SIGN_ENTITLEMENTS = Blind/Blind.entitlements;
				CODE_SIGN_IDENTITY = "Mac Developer";
				CODE_SIGN_STYLE = Automatic;
				COMBINE_HIDPI_IMAGES = YES;
				DEVELOPMENT_TEAM = 8EAR3GJ7TK;
				INFOPLIST_FILE = Blind/Info.plist;
				LD_RUNPATH_SEARCH_PATHS = "$(inherited) @executable_path/../Frameworks";
				MACOSX_DEPLOYMENT_TARGET = 10.10;
				PRODUCT_BUNDLE_IDENTIFIER = io.hlo.BlindMidi;
				PRODUCT_NAME = "$(TARGET_NAME)";
				PROVISIONING_PROFILE_SPECIFIER = "";
				SWIFT_VERSION = 4.0;
			};
			name = Debug;
		};
		38E029AD1F75ABF10068F171 /* Release */ = {
			isa = XCBuildConfiguration;
			buildSettings = {
				ASSETCATALOG_COMPILER_APPICON_NAME = AppIcon;
				CODE_SIGN_ENTITLEMENTS = Blind/Blind.entitlements;
				CODE_SIGN_IDENTITY = "Mac Developer";
				CODE_SIGN_STYLE = Automatic;
				COMBINE_HIDPI_IMAGES = YES;
				DEVELOPMENT_TEAM = 8EAR3GJ7TK;
				INFOPLIST_FILE = Blind/Info.plist;
				LD_RUNPATH_SEARCH_PATHS = "$(inherited) @executable_path/../Frameworks";
				MACOSX_DEPLOYMENT_TARGET = 10.10;
				PRODUCT_BUNDLE_IDENTIFIER = io.hlo.BlindMidi;
				PRODUCT_NAME = "$(TARGET_NAME)";
				PROVISIONING_PROFILE_SPECIFIER = "";
				SWIFT_VERSION = 4.0;
			};
			name = Release;
		};
/* End XCBuildConfiguration section */

/* Begin XCConfigurationList section */
		38E029961F75ABF10068F171 /* Build configuration list for PBXProject "Blind" */ = {
			isa = XCConfigurationList;
			buildConfigurations = (
				38E029A91F75ABF10068F171 /* Debug */,
				38E029AA1F75ABF10068F171 /* Release */,
			);
			defaultConfigurationIsVisible = 0;
			defaultConfigurationName = Release;
		};
		38E029AB1F75ABF10068F171 /* Build configuration list for PBXNativeTarget "BlindMIDI" */ = {
			isa = XCConfigurationList;
			buildConfigurations = (
				38E029AC1F75ABF10068F171 /* Debug */,
				38E029AD1F75ABF10068F171 /* Release */,
			);
			defaultConfigurationIsVisible = 0;
			defaultConfigurationName = Release;
		};
/* End XCConfigurationList section */
	};
	rootObject = 38E029931F75ABF10068F171 /* Project object */;
}
